
Microsoft Visual Studio Solution File, Format Version 12.00
# Visual Studio Version 16
VisualStudioVersion = 16.0.32802.440
MinimumVisualStudioVersion = 10.0.40219.1
Project("{9A19103F-16F7-4668-BE54-9A1E7A4F7556}") = "Pazos", "Cliente\Pazos.csproj", "{65CBD269-610B-42E3-AF03-BE841AA685BE}"
EndProject
Project("{9A19103F-16F7-4668-BE54-9A1E7A4F7556}") = "ExamenTacticasoft", "ExamenTactosift\ExamenTacticasoft.csproj", "{FC45D49F-5193-4405-BD77-0B833DB9AB59}"
EndProject
Project("{2150E333-8FDC-42A3-9474-1A3956D46DE8}") = "Solution Items", "Solution Items", "{A7CBBBA4-7DBF-42AB-AF2E-88960AAD91D1}"
EndProject
Global
	GlobalSection(SolutionConfigurationPlatforms) = preSolution
		Debug|Any CPU = Debug|Any CPU
		Release|Any CPU = Release|Any CPU
	EndGlobalSection
	GlobalSection(ProjectConfigurationPlatforms) = postSolution
		{65CBD269-610B-42E3-AF03-BE841AA685BE}.Debug|Any CPU.ActiveCfg = Debug|Any CPU
		{65CBD269-610B-42E3-AF03-BE841AA685BE}.Debug|Any CPU.Build.0 = Debug|Any CPU
		{65CBD269-610B-42E3-AF03-BE841AA685BE}.Release|Any CPU.ActiveCfg = Release|Any CPU
		{65CBD269-610B-42E3-AF03-BE841AA685BE}.Release|Any CPU.Build.0 = Release|Any CPU
		{FC45D49F-5193-4405-BD77-0B833DB9AB59}.Debug|Any CPU.ActiveCfg = Debug|Any CPU
		{FC45D49F-5193-4405-BD77-0B833DB9AB59}.Debug|Any CPU.Build.0 = Debug|Any CPU
		{FC45D49F-5193-4405-BD77-0B833DB9AB59}.Release|Any CPU.ActiveCfg = Release|Any CPU
		{FC45D49F-5193-4405-BD77-0B833DB9AB59}.Release|Any CPU.Build.0 = Release|Any CPU
	EndGlobalSection
	GlobalSection(SolutionProperties) = preSolution
		HideSolutionNode = FALSE
	EndGlobalSection
	GlobalSection(ExtensibilityGlobals) = postSolution
		SolutionGuid = {91DB0F8B-D48A-4ECC-ADE4-3C2277449429}
	EndGlobalSection
EndGlobal
